
Microsoft Visual Studio Solution File, Format Version 11.00
# Visual Studio 2010
Project("{F184B08F-C81C-45F6-A57F-5ABD9991F28F}") = "Initialize_EPE", "EPE_SetupAid\Initialize_EPE.vbproj", "{DBCCF26E-35B6-4D33-9AD5-4F9CCC8D3E11}"
EndProject
Global
	GlobalSection(SolutionConfigurationPlatforms) = preSolution
		Debug|x86 = Debug|x86
		Release|x86 = Release|x86
	EndGlobalSection
	GlobalSection(ProjectConfigurationPlatforms) = postSolution
		{DBCCF26E-35B6-4D33-9AD5-4F9CCC8D3E11}.Debug|x86.ActiveCfg = Release|x86
		{DBCCF26E-35B6-4D33-9AD5-4F9CCC8D3E11}.Debug|x86.Build.0 = Release|x86
		{DBCCF26E-35B6-4D33-9AD5-4F9CCC8D3E11}.Release|x86.ActiveCfg = Release|x86
		{DBCCF26E-35B6-4D33-9AD5-4F9CCC8D3E11}.Release|x86.Build.0 = Release|x86
	EndGlobalSection
	GlobalSection(SolutionProperties) = preSolution
		HideSolutionNode = FALSE
	EndGlobalSection
EndGlobal
